// !$*UTF8*$!
{
	archiveVersion = 1;
	classes = {
	};
	objectVersion = 46;
	objects = {

/* Begin PBXBuildFile section */
		319DF69F1AACA9FE0080030C /* DbSqliteUtils.m in Sources */ = {isa = PBXBuildFile; fileRef = 319DF69E1AACA9FE0080030C /* DbSqliteUtils.m */; };
		31E4D97E1A7BE3AD00431A74 /* libDbObjectsSqlite.a in Frameworks */ = {isa = PBXBuildFile; fileRef = 31E4D9721A7BE3AD00431A74 /* libDbObjectsSqlite.a */; };
		31E4D9B01A7BE3DC00431A74 /* SqliteEntry.m in Sources */ = {isa = PBXBuildFile; fileRef = 31E4D9AB1A7BE3DC00431A74 /* SqliteEntry.m */; };
		31E4D9B11A7BE3DC00431A74 /* DbSqliteQuery.m in Sources */ = {isa = PBXBuildFile; fileRef = 31E4D9AD1A7BE3DC00431A74 /* DbSqliteQuery.m */; };
		31E4D9B21A7BE3DC00431A74 /* DbSqliteDatabase.m in Sources */ = {isa = PBXBuildFile; fileRef = 31E4D9AF1A7BE3DC00431A74 /* DbSqliteDatabase.m */; };
/* End PBXBuildFile section */

/* Begin PBXContainerItemProxy section */
		3152D7011AA3848E00DAE1B6 /* PBXContainerItemProxy */ = {
			isa = PBXContainerItemProxy;
			containerPortal = 31E4D9D71A7BE47A00431A74 /* DbObjects.xcodeproj */;
			proxyType = 1;
			remoteGlobalIDString = 51E3E03119A9830100785900;
			remoteInfo = DbObjects;
		};
		31E4D97F1A7BE3AD00431A74 /* PBXContainerItemProxy */ = {
			isa = PBXContainerItemProxy;
			containerPortal = 31E4D96A1A7BE3AD00431A74 /* Project object */;
			proxyType = 1;
			remoteGlobalIDString = 31E4D9711A7BE3AD00431A74;
			remoteInfo = DbObjectsSqlite;
		};
		645EC0171A81990200F0F625 /* PBXContainerItemProxy */ = {
			isa = PBXContainerItemProxy;
			containerPortal = 31E4D9D71A7BE47A00431A74 /* DbObjects.xcodeproj */;
			proxyType = 2;
			remoteGlobalIDString = 51E3E03219A9830100785900;
			remoteInfo = DbObjects;
		};
		645EC0191A81990200F0F625 /* PBXContainerItemProxy */ = {
			isa = PBXContainerItemProxy;
			containerPortal = 31E4D9D71A7BE47A00431A74 /* DbObjects.xcodeproj */;
			proxyType = 2;
			remoteGlobalIDString = 51E3E04219A9830200785900;
			remoteInfo = DbObjectsTests;
		};
/* End PBXContainerItemProxy section */

/* Begin PBXCopyFilesBuildPhase section */
		31E4D9701A7BE3AD00431A74 /* CopyFiles */ = {
			isa = PBXCopyFilesBuildPhase;
			buildActionMask = 2147483647;
			dstPath = "include/$(PRODUCT_NAME)";
			dstSubfolderSpec = 16;
			files = (
			);
			runOnlyForDeploymentPostprocessing = 0;
		};
/* End PBXCopyFilesBuildPhase section */

/* Begin PBXFileReference section */
		319DF69D1AACA9FE0080030C /* DbSqliteUtils.h */ = {isa = PBXFileReference; fileEncoding = 4; lastKnownFileType = sourcecode.c.h; path = DbSqliteUtils.h; sourceTree = "<group>"; };
		319DF69E1AACA9FE0080030C /* DbSqliteUtils.m */ = {isa = PBXFileReference; fileEncoding = 4; lastKnownFileType = sourcecode.c.objc; path = DbSqliteUtils.m; sourceTree = "<group>"; };
		31E4D9721A7BE3AD00431A74 /* libDbObjectsSqlite.a */ = {isa = PBXFileReference; explicitFileType = archive.ar; includeInIndex = 0; path = libDbObjectsSqlite.a; sourceTree = BUILT_PRODUCTS_DIR; };
		31E4D97D1A7BE3AD00431A74 /* DbObjectsSqliteTests.xctest */ = {isa = PBXFileReference; explicitFileType = wrapper.cfbundle; includeInIndex = 0; path = DbObjectsSqliteTests.xctest; sourceTree = BUILT_PRODUCTS_DIR; };
		31E4D9831A7BE3AD00431A74 /* Info.plist */ = {isa = PBXFileReference; lastKnownFileType = text.plist.xml; path = Info.plist; sourceTree = "<group>"; };
		31E4D9AA1A7BE3DC00431A74 /* SqliteEntry.h */ = {isa = PBXFileReference; fileEncoding = 4; lastKnownFileType = sourcecode.c.h; path = SqliteEntry.h; sourceTree = "<group>"; };
		31E4D9AB1A7BE3DC00431A74 /* SqliteEntry.m */ = {isa = PBXFileReference; fileEncoding = 4; lastKnownFileType = sourcecode.c.objc; path = SqliteEntry.m; sourceTree = "<group>"; };
		31E4D9AC1A7BE3DC00431A74 /* DbSqliteQuery.h */ = {isa = PBXFileReference; fileEncoding = 4; lastKnownFileType = sourcecode.c.h; path = DbSqliteQuery.h; sourceTree = "<group>"; };
		31E4D9AD1A7BE3DC00431A74 /* DbSqliteQuery.m */ = {isa = PBXFileReference; fileEncoding = 4; lastKnownFileType = sourcecode.c.objc; path = DbSqliteQuery.m; sourceTree = "<group>"; };
		31E4D9AE1A7BE3DC00431A74 /* DbSqliteDatabase.h */ = {isa = PBXFileReference; fileEncoding = 4; lastKnownFileType = sourcecode.c.h; path = DbSqliteDatabase.h; sourceTree = "<group>"; };
		31E4D9AF1A7BE3DC00431A74 /* DbSqliteDatabase.m */ = {isa = PBXFileReference; fileEncoding = 4; lastKnownFileType = sourcecode.c.objc; path = DbSqliteDatabase.m; sourceTree = "<group>"; };
		31E4D9D71A7BE47A00431A74 /* DbObjects.xcodeproj */ = {isa = PBXFileReference; lastKnownFileType = "wrapper.pb-project"; name = DbObjects.xcodeproj; path = ../DbObjects/DbObjects.xcodeproj; sourceTree = "<group>"; };
/* End PBXFileReference section */

/* Begin PBXFrameworksBuildPhase section */
		31E4D96F1A7BE3AD00431A74 /* Frameworks */ = {
			isa = PBXFrameworksBuildPhase;
			buildActionMask = 2147483647;
			files = (
			);
			runOnlyForDeploymentPostprocessing = 0;
		};
		31E4D97A1A7BE3AD00431A74 /* Frameworks */ = {
			isa = PBXFrameworksBuildPhase;
			buildActionMask = 2147483647;
			files = (
				31E4D97E1A7BE3AD00431A74 /* libDbObjectsSqlite.a in Frameworks */,
			);
			runOnlyForDeploymentPostprocessing = 0;
		};
/* End PBXFrameworksBuildPhase section */

/* Begin PBXGroup section */
		31E4D9691A7BE3AD00431A74 = {
			isa = PBXGroup;
			children = (
				31E4D9D71A7BE47A00431A74 /* DbObjects.xcodeproj */,
				31E4D9A91A7BE3D100431A74 /* Sqlite */,
				31E4D9811A7BE3AD00431A74 /* DbObjectsSqliteTests */,
				31E4D9731A7BE3AD00431A74 /* Products */,
			);
			sourceTree = "<group>";
		};
		31E4D9731A7BE3AD00431A74 /* Products */ = {
			isa = PBXGroup;
			children = (
				31E4D9721A7BE3AD00431A74 /* libDbObjectsSqlite.a */,
				31E4D97D1A7BE3AD00431A74 /* DbObjectsSqliteTests.xctest */,
			);
			name = Products;
			sourceTree = "<group>";
		};
		31E4D9811A7BE3AD00431A74 /* DbObjectsSqliteTests */ = {
			isa = PBXGroup;
			children = (
				31E4D9821A7BE3AD00431A74 /* Supporting Files */,
			);
			path = DbObjectsSqliteTests;
			sourceTree = "<group>";
		};
		31E4D9821A7BE3AD00431A74 /* Supporting Files */ = {
			isa = PBXGroup;
			children = (
				31E4D9831A7BE3AD00431A74 /* Info.plist */,
			);
			name = "Supporting Files";
			sourceTree = "<group>";
		};
		31E4D9A91A7BE3D100431A74 /* Sqlite */ = {
			isa = PBXGroup;
			children = (
				31E4D9AA1A7BE3DC00431A74 /* SqliteEntry.h */,
				31E4D9AB1A7BE3DC00431A74 /* SqliteEntry.m */,
				31E4D9AC1A7BE3DC00431A74 /* DbSqliteQuery.h */,
				31E4D9AD1A7BE3DC00431A74 /* DbSqliteQuery.m */,
				31E4D9AE1A7BE3DC00431A74 /* DbSqliteDatabase.h */,
				31E4D9AF1A7BE3DC00431A74 /* DbSqliteDatabase.m */,
				319DF69D1AACA9FE0080030C /* DbSqliteUtils.h */,
				319DF69E1AACA9FE0080030C /* DbSqliteUtils.m */,
			);
			name = Sqlite;
			sourceTree = "<group>";
		};
		645EC0091A81990000F0F625 /* Products */ = {
			isa = PBXGroup;
			children = (
				645EC0181A81990200F0F625 /* libDbObjects.a */,
				645EC01A1A81990200F0F625 /* DbObjectsTests.xctest */,
			);
			name = Products;
			sourceTree = "<group>";
		};
/* End PBXGroup section */

/* Begin PBXNativeTarget section */
		31E4D9711A7BE3AD00431A74 /* DbObjectsSqlite */ = {
			isa = PBXNativeTarget;
			buildConfigurationList = 31E4D9861A7BE3AD00431A74 /* Build configuration list for PBXNativeTarget "DbObjectsSqlite" */;
			buildPhases = (
				31E4D96E1A7BE3AD00431A74 /* Sources */,
				31E4D96F1A7BE3AD00431A74 /* Frameworks */,
				31E4D9701A7BE3AD00431A74 /* CopyFiles */,
			);
			buildRules = (
			);
			dependencies = (
				3152D7021AA3848E00DAE1B6 /* PBXTargetDependency */,
			);
			name = DbObjectsSqlite;
			productName = DbObjectsSqlite;
			productReference = 31E4D9721A7BE3AD00431A74 /* libDbObjectsSqlite.a */;
			productType = "com.apple.product-type.library.static";
		};
		31E4D97C1A7BE3AD00431A74 /* DbObjectsSqliteTests */ = {
			isa = PBXNativeTarget;
			buildConfigurationList = 31E4D9891A7BE3AD00431A74 /* Build configuration list for PBXNativeTarget "DbObjectsSqliteTests" */;
			buildPhases = (
				31E4D9791A7BE3AD00431A74 /* Sources */,
				31E4D97A1A7BE3AD00431A74 /* Frameworks */,
				31E4D97B1A7BE3AD00431A74 /* Resources */,
			);
			buildRules = (
			);
			dependencies = (
				31E4D9801A7BE3AD00431A74 /* PBXTargetDependency */,
			);
			name = DbObjectsSqliteTests;
			productName = DbObjectsSqliteTests;
			productReference = 31E4D97D1A7BE3AD00431A74 /* DbObjectsSqliteTests.xctest */;
			productType = "com.apple.product-type.bundle.unit-test";
		};
/* End PBXNativeTarget section */

/* Begin PBXProject section */
		31E4D96A1A7BE3AD00431A74 /* Project object */ = {
			isa = PBXProject;
			attributes = {
				LastUpgradeCheck = 0700;
				ORGANIZATIONNAME = "Qiang Huang";
				TargetAttributes = {
					31E4D9711A7BE3AD00431A74 = {
						CreatedOnToolsVersion = 6.1.1;
					};
					31E4D97C1A7BE3AD00431A74 = {
						CreatedOnToolsVersion = 6.1.1;
					};
				};
			};
			buildConfigurationList = 31E4D96D1A7BE3AD00431A74 /* Build configuration list for PBXProject "DbObjectsSqlite" */;
			compatibilityVersion = "Xcode 3.2";
			developmentRegion = English;
			hasScannedForEncodings = 0;
			knownRegions = (
				en,
			);
			mainGroup = 31E4D9691A7BE3AD00431A74;
			productRefGroup = 31E4D9731A7BE3AD00431A74 /* Products */;
			projectDirPath = "";
			projectReferences = (
				{
					ProductGroup = 645EC0091A81990000F0F625 /* Products */;
					ProjectRef = 31E4D9D71A7BE47A00431A74 /* DbObjects.xcodeproj */;
				},
			);
			projectRoot = "";
			targets = (
				31E4D9711A7BE3AD00431A74 /* DbObjectsSqlite */,
				31E4D97C1A7BE3AD00431A74 /* DbObjectsSqliteTests */,
			);
		};
/* End PBXProject section */

/* Begin PBXReferenceProxy section */
		645EC0181A81990200F0F625 /* libDbObjects.a */ = {
			isa = PBXReferenceProxy;
			fileType = archive.ar;
			path = libDbObjects.a;
			remoteRef = 645EC0171A81990200F0F625 /* PBXContainerItemProxy */;
			sourceTree = BUILT_PRODUCTS_DIR;
		};
		645EC01A1A81990200F0F625 /* DbObjectsTests.xctest */ = {
			isa = PBXReferenceProxy;
			fileType = wrapper.cfbundle;
			path = DbObjectsTests.xctest;
			remoteRef = 645EC0191A81990200F0F625 /* PBXContainerItemProxy */;
			sourceTree = BUILT_PRODUCTS_DIR;
		};
/* End PBXReferenceProxy section */

/* Begin PBXResourcesBuildPhase section */
		31E4D97B1A7BE3AD00431A74 /* Resources */ = {
			isa = PBXResourcesBuildPhase;
			buildActionMask = 2147483647;
			files = (
			);
			runOnlyForDeploymentPostprocessing = 0;
		};
/* End PBXResourcesBuildPhase section */

/* Begin PBXSourcesBuildPhase section */
		31E4D96E1A7BE3AD00431A74 /* Sources */ = {
			isa = PBXSourcesBuildPhase;
			buildActionMask = 2147483647;
			files = (
				31E4D9B11A7BE3DC00431A74 /* DbSqliteQuery.m in Sources */,
				31E4D9B21A7BE3DC00431A74 /* DbSqliteDatabase.m in Sources */,
				31E4D9B01A7BE3DC00431A74 /* SqliteEntry.m in Sources */,
				319DF69F1AACA9FE0080030C /* DbSqliteUtils.m in Sources */,
			);
			runOnlyForDeploymentPostprocessing = 0;
		};
		31E4D9791A7BE3AD00431A74 /* Sources */ = {
			isa = PBXSourcesBuildPhase;
			buildActionMask = 2147483647;
			files = (
			);
			runOnlyForDeploymentPostprocessing = 0;
		};
/* End PBXSourcesBuildPhase section */

/* Begin PBXTargetDependency section */
		3152D7021AA3848E00DAE1B6 /* PBXTargetDependency */ = {
			isa = PBXTargetDependency;
			name = DbObjects;
			targetProxy = 3152D7011AA3848E00DAE1B6 /* PBXContainerItemProxy */;
		};
		31E4D9801A7BE3AD00431A74 /* PBXTargetDependency */ = {
			isa = PBXTargetDependency;
			target = 31E4D9711A7BE3AD00431A74 /* DbObjectsSqlite */;
			targetProxy = 31E4D97F1A7BE3AD00431A74 /* PBXContainerItemProxy */;
		};
/* End PBXTargetDependency section */

/* Begin XCBuildConfiguration section */
		31E4D9841A7BE3AD00431A74 /* Debug */ = {
			isa = XCBuildConfiguration;
			buildSettings = {
				ALWAYS_SEARCH_USER_PATHS = NO;
				CLANG_CXX_LANGUAGE_STANDARD = "gnu++0x";
				CLANG_CXX_LIBRARY = "libc++";
				CLANG_ENABLE_MODULES = YES;
				CLANG_ENABLE_OBJC_ARC = YES;
				CLANG_WARN_BOOL_CONVERSION = YES;
				CLANG_WARN_CONSTANT_CONVERSION = YES;
				CLANG_WARN_DIRECT_OBJC_ISA_USAGE = YES_ERROR;
				CLANG_WARN_EMPTY_BODY = YES;
				CLANG_WARN_ENUM_CONVERSION = YES;
				CLANG_WARN_INT_CONVERSION = YES;
				CLANG_WARN_OBJC_ROOT_CLASS = YES_ERROR;
				CLANG_WARN_UNREACHABLE_CODE = YES;
				CLANG_WARN__DUPLICATE_METHOD_MATCH = YES;
				COPY_PHASE_STRIP = NO;
				ENABLE_STRICT_OBJC_MSGSEND = YES;
				ENABLE_TESTABILITY = YES;
				GCC_C_LANGUAGE_STANDARD = gnu99;
				GCC_DYNAMIC_NO_PIC = NO;
				GCC_OPTIMIZATION_LEVEL = 0;
				GCC_PREPROCESSOR_DEFINITIONS = (
					"DEBUG=1",
					"$(inherited)",
				);
				GCC_SYMBOLS_PRIVATE_EXTERN = NO;
				GCC_WARN_64_TO_32_BIT_CONVERSION = YES;
				GCC_WARN_ABOUT_RETURN_TYPE = YES_ERROR;
				GCC_WARN_UNDECLARED_SELECTOR = YES;
				GCC_WARN_UNINITIALIZED_AUTOS = YES_AGGRESSIVE;
				GCC_WARN_UNUSED_FUNCTION = YES;
				GCC_WARN_UNUSED_VARIABLE = YES;
				HEADER_SEARCH_PATHS = (
					"$(inherited)",
					"$(SRCROOT)/../DbBaseUtils/**",
					"$(SRCROOT)/../DbObjects/**",
				);
				IPHONEOS_DEPLOYMENT_TARGET = 8.1;
				MTL_ENABLE_DEBUG_INFO = YES;
				ONLY_ACTIVE_ARCH = YES;
				SDKROOT = iphoneos;
			};
			name = Debug;
		};
		31E4D9851A7BE3AD00431A74 /* Release */ = {
			isa = XCBuildConfiguration;
			buildSettings = {
				ALWAYS_SEARCH_USER_PATHS = NO;
				CLANG_CXX_LANGUAGE_STANDARD = "gnu++0x";
				CLANG_CXX_LIBRARY = "libc++";
				CLANG_ENABLE_MODULES = YES;
				CLANG_ENABLE_OBJC_ARC = YES;
				CLANG_WARN_BOOL_CONVERSION = YES;
				CLANG_WARN_CONSTANT_CONVERSION = YES;
				CLANG_WARN_DIRECT_OBJC_ISA_USAGE = YES_ERROR;
				CLANG_WARN_EMPTY_BODY = YES;
				CLANG_WARN_ENUM_CONVERSION = YES;
				CLANG_WARN_INT_CONVERSION = YES;
				CLANG_WARN_OBJC_ROOT_CLASS = YES_ERROR;
				CLANG_WARN_UNREACHABLE_CODE = YES;
				CLANG_WARN__DUPLICATE_METHOD_MATCH = YES;
				COPY_PHASE_STRIP = YES;
				ENABLE_NS_ASSERTIONS = NO;
				ENABLE_STRICT_OBJC_MSGSEND = YES;
				GCC_C_LANGUAGE_STANDARD = gnu99;
				GCC_WARN_64_TO_32_BIT_CONVERSION = YES;
				GCC_WARN_ABOUT_RETURN_TYPE = YES_ERROR;
				GCC_WARN_UNDECLARED_SELECTOR = YES;
				GCC_WARN_UNINITIALIZED_AUTOS = YES_AGGRESSIVE;
				GCC_WARN_UNUSED_FUNCTION = YES;
				GCC_WARN_UNUSED_VARIABLE = YES;
				HEADER_SEARCH_PATHS = (
					"$(inherited)",
					"$(SRCROOT)/../DbBaseUtils/**",
					"$(SRCROOT)/../DbObjects/**",
				);
				IPHONEOS_DEPLOYMENT_TARGET = 8.1;
				MTL_ENABLE_DEBUG_INFO = NO;
				SDKROOT = iphoneos;
				VALIDATE_PRODUCT = YES;
			};
			name = Release;
		};
		31E4D9871A7BE3AD00431A74 /* Debug */ = {
			isa = XCBuildConfiguration;
			buildSettings = {
				HEADER_SEARCH_PATHS = "$(inherited) ";
				INSTALL_PATH = "";
				IPHONEOS_DEPLOYMENT_TARGET = 7.1;
				OTHER_LDFLAGS = "-ObjC";
				PRODUCT_NAME = "$(TARGET_NAME)";
				SKIP_INSTALL = YES;
			};
			name = Debug;
		};
		31E4D9881A7BE3AD00431A74 /* Release */ = {
			isa = XCBuildConfiguration;
			buildSettings = {
				HEADER_SEARCH_PATHS = "$(inherited) ";
				INSTALL_PATH = "";
				IPHONEOS_DEPLOYMENT_TARGET = 7.1;
				OTHER_LDFLAGS = "-ObjC";
				PRODUCT_NAME = "$(TARGET_NAME)";
				SKIP_INSTALL = YES;
			};
			name = Release;
		};
		31E4D98A1A7BE3AD00431A74 /* Debug */ = {
			isa = XCBuildConfiguration;
			buildSettings = {
				FRAMEWORK_SEARCH_PATHS = (
					"$(SDKROOT)/Developer/Library/Frameworks",
					"$(inherited)",
				);
				GCC_PREPROCESSOR_DEFINITIONS = (
					"DEBUG=1",
					"$(inherited)",
				);
				INFOPLIST_FILE = DbObjectsSqliteTests/Info.plist;
				LD_RUNPATH_SEARCH_PATHS = "$(inherited) @executable_path/Frameworks @loader_path/Frameworks";
				PRODUCT_BUNDLE_IDENTIFIER = "com.sudobility.$(PRODUCT_NAME:rfc1034identifier)";
				PRODUCT_NAME = "$(TARGET_NAME)";
			};
			name = Debug;
		};
		31E4D98B1A7BE3AD00431A74 /* Release */ = {
			isa = XCBuildConfiguration;
			buildSettings = {
				FRAMEWORK_SEARCH_PATHS = (
					"$(SDKROOT)/Developer/Library/Frameworks",
					"$(inherited)",
				);
				INFOPLIST_FILE = DbObjectsSqliteTests/Info.plist;
				LD_RUNPATH_SEARCH_PATHS = "$(inherited) @executable_path/Frameworks @loader_path/Frameworks";
				PRODUCT_BUNDLE_IDENTIFIER = "com.sudobility.$(PRODUCT_NAME:rfc1034identifier)";
				PRODUCT_NAME = "$(TARGET_NAME)";
			};
			name = Release;
		};
/* End XCBuildConfiguration section */

/* Begin XCConfigurationList section */
		31E4D96D1A7BE3AD00431A74 /* Build configuration list for PBXProject "DbObjectsSqlite" */ = {
			isa = XCConfigurationList;
			buildConfigurations = (
				31E4D9841A7BE3AD00431A74 /* Debug */,
				31E4D9851A7BE3AD00431A74 /* Release */,
			);
			defaultConfigurationIsVisible = 0;
			defaultConfigurationName = Release;
		};
		31E4D9861A7BE3AD00431A74 /* Build configuration list for PBXNativeTarget "DbObjectsSqlite" */ = {
			isa = XCConfigurationList;
			buildConfigurations = (
				31E4D9871A7BE3AD00431A74 /* Debug */,
				31E4D9881A7BE3AD00431A74 /* Release */,
			);
			defaultConfigurationIsVisible = 0;
			defaultConfigurationName = Release;
		};
		31E4D9891A7BE3AD00431A74 /* Build configuration list for PBXNativeTarget "DbObjectsSqliteTests" */ = {
			isa = XCConfigurationList;
			buildConfigurations = (
				31E4D98A1A7BE3AD00431A74 /* Debug */,
				31E4D98B1A7BE3AD00431A74 /* Release */,
			);
			defaultConfigurationIsVisible = 0;
			defaultConfigurationName = Release;
		};
/* End XCConfigurationList section */
	};
	rootObject = 31E4D96A1A7BE3AD00431A74 /* Project object */;
}
